
Microsoft Visual Studio Solution File, Format Version 12.00
# Visual Studio Version 17
VisualStudioVersion = 17.13.35818.85 d17.13
MinimumVisualStudioVersion = 10.0.40219.1
Project("{FAE04EC0-301F-11D3-BF4B-00C04F79EFBC}") = "tpmodul4_1302204032", "tpmodul4_1302204032\tpmodul4_1302204032.csproj", "{27CC49D0-86BA-4DF9-B64C-03C7EA486A2C}"
EndProject
Global
	GlobalSection(SolutionConfigurationPlatforms) = preSolution
		Debug|Any CPU = Debug|Any CPU
		Release|Any CPU = Release|Any CPU
	EndGlobalSection
	GlobalSection(ProjectConfigurationPlatforms) = postSolution
		{27CC49D0-86BA-4DF9-B64C-03C7EA486A2C}.Debug|Any CPU.ActiveCfg = Debug|Any CPU
		{27CC49D0-86BA-4DF9-B64C-03C7EA486A2C}.Debug|Any CPU.Build.0 = Debug|Any CPU
		{27CC49D0-86BA-4DF9-B64C-03C7EA486A2C}.Release|Any CPU.ActiveCfg = Release|Any CPU
		{27CC49D0-86BA-4DF9-B64C-03C7EA486A2C}.Release|Any CPU.Build.0 = Release|Any CPU
	EndGlobalSection
	GlobalSection(SolutionProperties) = preSolution
		HideSolutionNode = FALSE
	EndGlobalSection
	GlobalSection(ExtensibilityGlobals) = postSolution
		SolutionGuid = {40168EA2-92D9-4DF8-B5D7-56856918E4F8}
	EndGlobalSection
EndGlobal
